
Microsoft Visual Studio Solution File, Format Version 12.00
# Visual Studio Version 17
VisualStudioVersion = 17.3.32825.248
MinimumVisualStudioVersion = 10.0.40219.1
Project("{9A19103F-16F7-4668-BE54-9A1E7A4F7556}") = "ProgettoIngegneriaSoftware.UI", "ProgettoIngegneriaSoftware.UI\ProgettoIngegneriaSoftware.UI.csproj", "{724A99C6-429D-4974-AE81-2908C1467232}"
EndProject
Project("{9A19103F-16F7-4668-BE54-9A1E7A4F7556}") = "ProgettoIngegneriaSoftware.Shared.Library", "ProgettoIngegneriaSoftware.Shared.Library\ProgettoIngegneriaSoftware.Shared.Library.csproj", "{FAD5D79E-3C1C-4B04-B1DF-C124D1B6A1DA}"
EndProject
Global
	GlobalSection(SolutionConfigurationPlatforms) = preSolution
		Debug|Any CPU = Debug|Any CPU
		Release|Any CPU = Release|Any CPU
	EndGlobalSection
	GlobalSection(ProjectConfigurationPlatforms) = postSolution
		{724A99C6-429D-4974-AE81-2908C1467232}.Debug|Any CPU.ActiveCfg = Debug|Any CPU
		{724A99C6-429D-4974-AE81-2908C1467232}.Debug|Any CPU.Build.0 = Debug|Any CPU
		{724A99C6-429D-4974-AE81-2908C1467232}.Debug|Any CPU.Deploy.0 = Debug|Any CPU
		{724A99C6-429D-4974-AE81-2908C1467232}.Release|Any CPU.ActiveCfg = Release|Any CPU
		{724A99C6-429D-4974-AE81-2908C1467232}.Release|Any CPU.Build.0 = Release|Any CPU
		{724A99C6-429D-4974-AE81-2908C1467232}.Release|Any CPU.Deploy.0 = Release|Any CPU
		{FAD5D79E-3C1C-4B04-B1DF-C124D1B6A1DA}.Debug|Any CPU.ActiveCfg = Debug|Any CPU
		{FAD5D79E-3C1C-4B04-B1DF-C124D1B6A1DA}.Debug|Any CPU.Build.0 = Debug|Any CPU
		{FAD5D79E-3C1C-4B04-B1DF-C124D1B6A1DA}.Release|Any CPU.ActiveCfg = Release|Any CPU
		{FAD5D79E-3C1C-4B04-B1DF-C124D1B6A1DA}.Release|Any CPU.Build.0 = Release|Any CPU
	EndGlobalSection
	GlobalSection(SolutionProperties) = preSolution
		HideSolutionNode = FALSE
	EndGlobalSection
	GlobalSection(ExtensibilityGlobals) = postSolution
		SolutionGuid = {A9A2498B-1404-468C-965B-3D0B247DD803}
	EndGlobalSection
EndGlobal
