
Microsoft Visual Studio Solution File, Format Version 12.00
# Visual Studio Version 17
VisualStudioVersion = 17.3.32825.248
MinimumVisualStudioVersion = 10.0.40219.1
Project("{9A19103F-16F7-4668-BE54-9A1E7A4F7556}") = "ProgettoIngegneriaSoftware", "ProgettoIngegneriaSoftware\ProgettoIngegneriaSoftware.csproj", "{459ACBD7-C04E-413C-9F1C-FF9ABBE4E35E}"
EndProject
Project("{FAE04EC0-301F-11D3-BF4B-00C04F79EFBC}") = "ProgettoIngegneriaSoftware.Test", "ProgettoIngegneriaSoftwareTest\ProgettoIngegneriaSoftware.Test.csproj", "{BE938300-3C90-446D-AFE5-6C0DE9F7483A}"
EndProject
Global
	GlobalSection(SolutionConfigurationPlatforms) = preSolution
		Debug|Any CPU = Debug|Any CPU
		Release|Any CPU = Release|Any CPU
	EndGlobalSection
	GlobalSection(ProjectConfigurationPlatforms) = postSolution
		{459ACBD7-C04E-413C-9F1C-FF9ABBE4E35E}.Debug|Any CPU.ActiveCfg = Debug|Any CPU
		{459ACBD7-C04E-413C-9F1C-FF9ABBE4E35E}.Debug|Any CPU.Build.0 = Debug|Any CPU
		{459ACBD7-C04E-413C-9F1C-FF9ABBE4E35E}.Release|Any CPU.ActiveCfg = Release|Any CPU
		{459ACBD7-C04E-413C-9F1C-FF9ABBE4E35E}.Release|Any CPU.Build.0 = Release|Any CPU
		{BE938300-3C90-446D-AFE5-6C0DE9F7483A}.Debug|Any CPU.ActiveCfg = Debug|Any CPU
		{BE938300-3C90-446D-AFE5-6C0DE9F7483A}.Debug|Any CPU.Build.0 = Debug|Any CPU
		{BE938300-3C90-446D-AFE5-6C0DE9F7483A}.Release|Any CPU.ActiveCfg = Release|Any CPU
		{BE938300-3C90-446D-AFE5-6C0DE9F7483A}.Release|Any CPU.Build.0 = Release|Any CPU
	EndGlobalSection
	GlobalSection(SolutionProperties) = preSolution
		HideSolutionNode = FALSE
	EndGlobalSection
	GlobalSection(ExtensibilityGlobals) = postSolution
		SolutionGuid = {A9A2498B-1404-468C-965B-3D0B247DD803}
	EndGlobalSection
EndGlobal
